Microsoft Visual Studio Solution File, Format Version 12.00
# Visual Studio Version 17
VisualStudioVersion = 17.5.2.0
MinimumVisualStudioVersion = 10.0.40219.1
Project("{2150E333-8FDC-42A3-9474-1A3956D46DE8}") = "c#", "c#", "{1DBD47E2-544B-F58A-27AE-70AE938492FA}"
EndProject
Project("{FAE04EC0-301F-11D3-BF4B-00C04F79EFBC}") = "test1-Minimal", "c#\test1-Minimal\test1-Minimal.csproj", "{46C946E5-FE4C-B02C-509B-964EEF107BB1}"
EndProject
Global
	GlobalSection(SolutionConfigurationPlatforms) = preSolution
		Debug|Any CPU = Debug|Any CPU
		Release|Any CPU = Release|Any CPU
	EndGlobalSection
	GlobalSection(ProjectConfigurationPlatforms) = postSolution
		{46C946E5-FE4C-B02C-509B-964EEF107BB1}.Debug|Any CPU.ActiveCfg = Debug|Any CPU
		{46C946E5-FE4C-B02C-509B-964EEF107BB1}.Debug|Any CPU.Build.0 = Debug|Any CPU
		{46C946E5-FE4C-B02C-509B-964EEF107BB1}.Release|Any CPU.ActiveCfg = Release|Any CPU
		{46C946E5-FE4C-B02C-509B-964EEF107BB1}.Release|Any CPU.Build.0 = Release|Any CPU
	EndGlobalSection
	GlobalSection(SolutionProperties) = preSolution
		HideSolutionNode = FALSE
	EndGlobalSection
	GlobalSection(NestedProjects) = preSolution
		{46C946E5-FE4C-B02C-509B-964EEF107BB1} = {1DBD47E2-544B-F58A-27AE-70AE938492FA}
	EndGlobalSection
	GlobalSection(ExtensibilityGlobals) = postSolution
		SolutionGuid = {B17AF99D-9B5B-43C2-B135-6F5F72547F8C}
	EndGlobalSection
EndGlobal
