Microsoft Visual Studio Solution File, Format Version 12.00
# Visual Studio Version 17
VisualStudioVersion = 17.5.2.0
MinimumVisualStudioVersion = 10.0.40219.1
Project("{FAE04EC0-301F-11D3-BF4B-00C04F79EFBC}") = "test1-Minimal", "test1-Minimal.csproj", "{5283C307-9D8F-97D7-0639-77181A9FC919}"
EndProject
Global
	GlobalSection(SolutionConfigurationPlatforms) = preSolution
		Debug|Any CPU = Debug|Any CPU
		Release|Any CPU = Release|Any CPU
	EndGlobalSection
	GlobalSection(ProjectConfigurationPlatforms) = postSolution
		{5283C307-9D8F-97D7-0639-77181A9FC919}.Debug|Any CPU.ActiveCfg = Debug|Any CPU
		{5283C307-9D8F-97D7-0639-77181A9FC919}.Debug|Any CPU.Build.0 = Debug|Any CPU
		{5283C307-9D8F-97D7-0639-77181A9FC919}.Release|Any CPU.ActiveCfg = Release|Any CPU
		{5283C307-9D8F-97D7-0639-77181A9FC919}.Release|Any CPU.Build.0 = Release|Any CPU
	EndGlobalSection
	GlobalSection(SolutionProperties) = preSolution
		HideSolutionNode = FALSE
	EndGlobalSection
	GlobalSection(ExtensibilityGlobals) = postSolution
		SolutionGuid = {25CC3C2A-726D-46E0-BB6C-6D9A08A79FAA}
	EndGlobalSection
EndGlobal
